
Microsoft Visual Studio Solution File, Format Version 12.00
# Visual Studio 15
VisualStudioVersion = 15.0.27130.2003
MinimumVisualStudioVersion = 10.0.40219.1
Project("{FAE04EC0-301F-11D3-BF4B-00C04F79EFBC}") = "CrytogramDCipher", "CrytogramDCipher\CrytogramDCipher.csproj", "{60ACD6C8-9973-4364-A3A4-E320177E1927}"
EndProject
Global
	GlobalSection(SolutionConfigurationPlatforms) = preSolution
		Debug|Any CPU = Debug|Any CPU
		Release|Any CPU = Release|Any CPU
	EndGlobalSection
	GlobalSection(ProjectConfigurationPlatforms) = postSolution
		{60ACD6C8-9973-4364-A3A4-E320177E1927}.Debug|Any CPU.ActiveCfg = Debug|Any CPU
		{60ACD6C8-9973-4364-A3A4-E320177E1927}.Debug|Any CPU.Build.0 = Debug|Any CPU
		{60ACD6C8-9973-4364-A3A4-E320177E1927}.Release|Any CPU.ActiveCfg = Release|Any CPU
		{60ACD6C8-9973-4364-A3A4-E320177E1927}.Release|Any CPU.Build.0 = Release|Any CPU
	EndGlobalSection
	GlobalSection(SolutionProperties) = preSolution
		HideSolutionNode = FALSE
	EndGlobalSection
	GlobalSection(ExtensibilityGlobals) = postSolution
		SolutionGuid = {838B5A8D-3661-4501-A9D3-7CB93B57F8FF}
	EndGlobalSection
EndGlobal
